
Microsoft Visual Studio Solution File, Format Version 12.00
# Visual Studio Version 17
VisualStudioVersion = 17.0.31710.8
MinimumVisualStudioVersion = 10.0.40219.1
Project("{9A19103F-16F7-4668-BE54-9A1E7A4F7556}") = "NoteList.Domain", "NoteList.Domain\NoteList.Domain.csproj", "{0302D4F0-8AC8-448F-ACB1-7305C8077B0C}"
EndProject
Project("{9A19103F-16F7-4668-BE54-9A1E7A4F7556}") = "NoteList.Controller", "NoteList.Controller\NoteList.Controller.csproj", "{1F0444FA-0071-4964-949F-FA5CDBE524D7}"
EndProject
Project("{9A19103F-16F7-4668-BE54-9A1E7A4F7556}") = "NoteList.IntegrationTest", "NoteList.IntegrationTest\NoteList.IntegrationTest.csproj", "{193E4B1F-5513-46E1-9281-ECE964435019}"
EndProject
Project("{9A19103F-16F7-4668-BE54-9A1E7A4F7556}") = "NoteList.Service", "NoteList.Service\NoteList.Service.csproj", "{AF65A769-CF67-401D-BB95-9B25C8249A42}"
EndProject
Project("{FAE04EC0-301F-11D3-BF4B-00C04F79EFBC}") = "NoteList.Dto", "NoteList.Dto\NoteList.Dto.csproj", "{185EE72A-7908-4550-A26B-3FE121DD0ED4}"
EndProject
Project("{FAE04EC0-301F-11D3-BF4B-00C04F79EFBC}") = "NoteList.Service.Impl", "NoteList.Service.Impl\NoteList.Service.Impl.csproj", "{7CD06D73-0C44-45D3-B962-EF6F309BC10E}"
EndProject
Global
	GlobalSection(SolutionConfigurationPlatforms) = preSolution
		Debug|Any CPU = Debug|Any CPU
		Release|Any CPU = Release|Any CPU
	EndGlobalSection
	GlobalSection(ProjectConfigurationPlatforms) = postSolution
		{0302D4F0-8AC8-448F-ACB1-7305C8077B0C}.Debug|Any CPU.ActiveCfg = Debug|Any CPU
		{0302D4F0-8AC8-448F-ACB1-7305C8077B0C}.Debug|Any CPU.Build.0 = Debug|Any CPU
		{0302D4F0-8AC8-448F-ACB1-7305C8077B0C}.Release|Any CPU.ActiveCfg = Release|Any CPU
		{0302D4F0-8AC8-448F-ACB1-7305C8077B0C}.Release|Any CPU.Build.0 = Release|Any CPU
		{1F0444FA-0071-4964-949F-FA5CDBE524D7}.Debug|Any CPU.ActiveCfg = Debug|Any CPU
		{1F0444FA-0071-4964-949F-FA5CDBE524D7}.Debug|Any CPU.Build.0 = Debug|Any CPU
		{1F0444FA-0071-4964-949F-FA5CDBE524D7}.Release|Any CPU.ActiveCfg = Release|Any CPU
		{1F0444FA-0071-4964-949F-FA5CDBE524D7}.Release|Any CPU.Build.0 = Release|Any CPU
		{193E4B1F-5513-46E1-9281-ECE964435019}.Debug|Any CPU.ActiveCfg = Debug|Any CPU
		{193E4B1F-5513-46E1-9281-ECE964435019}.Debug|Any CPU.Build.0 = Debug|Any CPU
		{193E4B1F-5513-46E1-9281-ECE964435019}.Release|Any CPU.ActiveCfg = Release|Any CPU
		{193E4B1F-5513-46E1-9281-ECE964435019}.Release|Any CPU.Build.0 = Release|Any CPU
		{AF65A769-CF67-401D-BB95-9B25C8249A42}.Debug|Any CPU.ActiveCfg = Debug|Any CPU
		{AF65A769-CF67-401D-BB95-9B25C8249A42}.Debug|Any CPU.Build.0 = Debug|Any CPU
		{AF65A769-CF67-401D-BB95-9B25C8249A42}.Release|Any CPU.ActiveCfg = Release|Any CPU
		{AF65A769-CF67-401D-BB95-9B25C8249A42}.Release|Any CPU.Build.0 = Release|Any CPU
		{185EE72A-7908-4550-A26B-3FE121DD0ED4}.Debug|Any CPU.ActiveCfg = Debug|Any CPU
		{185EE72A-7908-4550-A26B-3FE121DD0ED4}.Debug|Any CPU.Build.0 = Debug|Any CPU
		{185EE72A-7908-4550-A26B-3FE121DD0ED4}.Release|Any CPU.ActiveCfg = Release|Any CPU
		{185EE72A-7908-4550-A26B-3FE121DD0ED4}.Release|Any CPU.Build.0 = Release|Any CPU
		{7CD06D73-0C44-45D3-B962-EF6F309BC10E}.Debug|Any CPU.ActiveCfg = Debug|Any CPU
		{7CD06D73-0C44-45D3-B962-EF6F309BC10E}.Debug|Any CPU.Build.0 = Debug|Any CPU
		{7CD06D73-0C44-45D3-B962-EF6F309BC10E}.Release|Any CPU.ActiveCfg = Release|Any CPU
		{7CD06D73-0C44-45D3-B962-EF6F309BC10E}.Release|Any CPU.Build.0 = Release|Any CPU
	EndGlobalSection
	GlobalSection(SolutionProperties) = preSolution
		HideSolutionNode = FALSE
	EndGlobalSection
	GlobalSection(ExtensibilityGlobals) = postSolution
		SolutionGuid = {CA9AEC93-24BA-4497-84D9-F6D54A33A3D0}
	EndGlobalSection
EndGlobal
